
Microsoft Visual Studio Solution File, Format Version 12.00
# Visual Studio 15
VisualStudioVersion = 15.0.27703.2026
MinimumVisualStudioVersion = 10.0.40219.1
Project("{9A19103F-16F7-4668-BE54-9A1E7A4F7556}") = "AspNetCore.Jwt.Sample", "AspNetCore.Jwt.Sample\AspNetCore.Jwt.Sample.csproj", "{BE114F80-DFA6-476A-B640-B39F80371EFF}"
EndProject
Project("{FAE04EC0-301F-11D3-BF4B-00C04F79EFBC}") = "AspNetCore.Jwt", "..\src\AspNetCore.Jwt\AspNetCore.Jwt.csproj", "{DD5B5606-0AB5-4C13-9DCC-C73D2B48A697}"
EndProject
Global
	GlobalSection(SolutionConfigurationPlatforms) = preSolution
		Debug|Any CPU = Debug|Any CPU
		Release|Any CPU = Release|Any CPU
	EndGlobalSection
	GlobalSection(ProjectConfigurationPlatforms) = postSolution
		{BE114F80-DFA6-476A-B640-B39F80371EFF}.Debug|Any CPU.ActiveCfg = Debug|Any CPU
		{BE114F80-DFA6-476A-B640-B39F80371EFF}.Debug|Any CPU.Build.0 = Debug|Any CPU
		{BE114F80-DFA6-476A-B640-B39F80371EFF}.Release|Any CPU.ActiveCfg = Release|Any CPU
		{BE114F80-DFA6-476A-B640-B39F80371EFF}.Release|Any CPU.Build.0 = Release|Any CPU
		{DD5B5606-0AB5-4C13-9DCC-C73D2B48A697}.Debug|Any CPU.ActiveCfg = Debug|Any CPU
		{DD5B5606-0AB5-4C13-9DCC-C73D2B48A697}.Debug|Any CPU.Build.0 = Debug|Any CPU
		{DD5B5606-0AB5-4C13-9DCC-C73D2B48A697}.Release|Any CPU.ActiveCfg = Release|Any CPU
		{DD5B5606-0AB5-4C13-9DCC-C73D2B48A697}.Release|Any CPU.Build.0 = Release|Any CPU
	EndGlobalSection
	GlobalSection(SolutionProperties) = preSolution
		HideSolutionNode = FALSE
	EndGlobalSection
	GlobalSection(ExtensibilityGlobals) = postSolution
		SolutionGuid = {CF8B8F74-20AC-4060-B9FD-473D40263129}
	EndGlobalSection
EndGlobal
